
Microsoft Visual Studio Solution File, Format Version 12.00
# Visual Studio Version 17
VisualStudioVersion = 17.0.31903.59
MinimumVisualStudioVersion = 10.0.40219.1
Project("{2150E333-8FDC-42A3-9474-1A3956D46DE8}") = "Tests", "Tests", "{5376007A-EA8A-4774-A6A9-0FCD55744713}"
EndProject
Project("{FAE04EC0-301F-11D3-BF4B-00C04F79EFBC}") = "DataStructures", "DataStructures\DataStructures.csproj", "{1E15AD52-7B0F-4050-BEDE-038A81C8B937}"
EndProject
Project("{FAE04EC0-301F-11D3-BF4B-00C04F79EFBC}") = "Tests", "Tests\Tests.csproj", "{6ABF341E-44AA-4C65-9ED0-77DCEA939D23}"
EndProject
Global
	GlobalSection(SolutionConfigurationPlatforms) = preSolution
		Debug|Any CPU = Debug|Any CPU
		Release|Any CPU = Release|Any CPU
	EndGlobalSection
	GlobalSection(ProjectConfigurationPlatforms) = postSolution
		{1E15AD52-7B0F-4050-BEDE-038A81C8B937}.Debug|Any CPU.ActiveCfg = Debug|Any CPU
		{1E15AD52-7B0F-4050-BEDE-038A81C8B937}.Debug|Any CPU.Build.0 = Debug|Any CPU
		{1E15AD52-7B0F-4050-BEDE-038A81C8B937}.Release|Any CPU.ActiveCfg = Release|Any CPU
		{1E15AD52-7B0F-4050-BEDE-038A81C8B937}.Release|Any CPU.Build.0 = Release|Any CPU
		{6ABF341E-44AA-4C65-9ED0-77DCEA939D23}.Debug|Any CPU.ActiveCfg = Debug|Any CPU
		{6ABF341E-44AA-4C65-9ED0-77DCEA939D23}.Debug|Any CPU.Build.0 = Debug|Any CPU
		{6ABF341E-44AA-4C65-9ED0-77DCEA939D23}.Release|Any CPU.ActiveCfg = Release|Any CPU
		{6ABF341E-44AA-4C65-9ED0-77DCEA939D23}.Release|Any CPU.Build.0 = Release|Any CPU
	EndGlobalSection
	GlobalSection(SolutionProperties) = preSolution
		HideSolutionNode = FALSE
	EndGlobalSection
	GlobalSection(NestedProjects) = preSolution
		{6ABF341E-44AA-4C65-9ED0-77DCEA939D23} = {5376007A-EA8A-4774-A6A9-0FCD55744713}
	EndGlobalSection
EndGlobal
